
Microsoft Visual Studio Solution File, Format Version 12.00
# Visual Studio Version 17
VisualStudioVersion = 17.0.32002.185
MinimumVisualStudioVersion = 10.0.40219.1
Project("{FAE04EC0-301F-11D3-BF4B-00C04F79EFBC}") = "Resistor_Calculator", "Resistor_Calculator.csproj", "{297D223C-B82F-4DD3-A82B-A3557942F762}"
EndProject
Global
	GlobalSection(SolutionConfigurationPlatforms) = preSolution
		Debug|Any CPU = Debug|Any CPU
		Release|Any CPU = Release|Any CPU
	EndGlobalSection
	GlobalSection(ProjectConfigurationPlatforms) = postSolution
		{297D223C-B82F-4DD3-A82B-A3557942F762}.Debug|Any CPU.ActiveCfg = Debug|Any CPU
		{297D223C-B82F-4DD3-A82B-A3557942F762}.Debug|Any CPU.Build.0 = Debug|Any CPU
		{297D223C-B82F-4DD3-A82B-A3557942F762}.Release|Any CPU.ActiveCfg = Release|Any CPU
		{297D223C-B82F-4DD3-A82B-A3557942F762}.Release|Any CPU.Build.0 = Release|Any CPU
	EndGlobalSection
	GlobalSection(SolutionProperties) = preSolution
		HideSolutionNode = FALSE
	EndGlobalSection
	GlobalSection(ExtensibilityGlobals) = postSolution
		SolutionGuid = {B7AF17A3-48E3-451B-9254-41DA6C48F252}
	EndGlobalSection
EndGlobal
